Microsoft Visual Studio Solution File, Format Version 12.00
# Visual Studio Version 17
VisualStudioVersion = 17.0.31717.71
MinimumVisualStudioVersion = 10.0.40219.1
Project("{9A19103F-16F7-4668-BE54-9A1E7A4F7556}") = "MLWebsite", "MLWebsite.csproj", "{13BB4860-AE6B-4083-B19E-49B2D449EA04}"
EndProject
Global
	GlobalSection(SolutionConfigurationPlatforms) = preSolution
		Debug|Any CPU = Debug|Any CPU
		Release|Any CPU = Release|Any CPU
	EndGlobalSection
	GlobalSection(ProjectConfigurationPlatforms) = postSolution
		{13BB4860-AE6B-4083-B19E-49B2D449EA04}.Debug|Any CPU.ActiveCfg = Debug|Any CPU
		{13BB4860-AE6B-4083-B19E-49B2D449EA04}.Debug|Any CPU.Build.0 = Debug|Any CPU
		{13BB4860-AE6B-4083-B19E-49B2D449EA04}.Release|Any CPU.ActiveCfg = Release|Any CPU
		{13BB4860-AE6B-4083-B19E-49B2D449EA04}.Release|Any CPU.Build.0 = Release|Any CPU
	EndGlobalSection
	GlobalSection(SolutionProperties) = preSolution
		HideSolutionNode = FALSE
	EndGlobalSection
	GlobalSection(ExtensibilityGlobals) = postSolution
		SolutionGuid = {B6677488-C15A-4B11-8E09-DD5AF52EEEC9}
	EndGlobalSection
EndGlobal
